
Microsoft Visual Studio Solution File, Format Version 12.00
# Visual Studio Version 17
VisualStudioVersion = 17.8.34309.116
MinimumVisualStudioVersion = 10.0.40219.1
Project("{9A19103F-16F7-4668-BE54-9A1E7A4F7556}") = "Tour Planner", "Tour Planner\Tour Planner.csproj", "{215D15E8-CB40-4BED-B2CC-8B09502B800C}"
EndProject
Project("{9A19103F-16F7-4668-BE54-9A1E7A4F7556}") = "UnitTests", "Unit Tests\UnitTests.csproj", "{750F0DE6-3857-4390-B8DF-07A1C3C9F424}"
EndProject
Global
	GlobalSection(SolutionConfigurationPlatforms) = preSolution
		Debug|Any CPU = Debug|Any CPU
		Release|Any CPU = Release|Any CPU
	EndGlobalSection
	GlobalSection(ProjectConfigurationPlatforms) = postSolution
		{215D15E8-CB40-4BED-B2CC-8B09502B800C}.Debug|Any CPU.ActiveCfg = Debug|Any CPU
		{215D15E8-CB40-4BED-B2CC-8B09502B800C}.Debug|Any CPU.Build.0 = Debug|Any CPU
		{215D15E8-CB40-4BED-B2CC-8B09502B800C}.Release|Any CPU.ActiveCfg = Release|Any CPU
		{215D15E8-CB40-4BED-B2CC-8B09502B800C}.Release|Any CPU.Build.0 = Release|Any CPU
		{750F0DE6-3857-4390-B8DF-07A1C3C9F424}.Debug|Any CPU.ActiveCfg = Debug|Any CPU
		{750F0DE6-3857-4390-B8DF-07A1C3C9F424}.Debug|Any CPU.Build.0 = Debug|Any CPU
		{750F0DE6-3857-4390-B8DF-07A1C3C9F424}.Release|Any CPU.ActiveCfg = Release|Any CPU
		{750F0DE6-3857-4390-B8DF-07A1C3C9F424}.Release|Any CPU.Build.0 = Release|Any CPU
	EndGlobalSection
	GlobalSection(SolutionProperties) = preSolution
		HideSolutionNode = FALSE
	EndGlobalSection
	GlobalSection(ExtensibilityGlobals) = postSolution
		SolutionGuid = {DFFDB5B3-9A2C-4E7F-A2B7-C86D27CD5305}
	EndGlobalSection
EndGlobal
